
Microsoft Visual Studio Solution File, Format Version 12.00
# Visual Studio Version 16
VisualStudioVersion = 16.0.29521.150
MinimumVisualStudioVersion = 10.0.40219.1
Project("{FAE04EC0-301F-11D3-BF4B-00C04F79EFBC}") = "DeathProjector", "DeathProjector\DeathProjector.csproj", "{1C5F1377-EC66-4368-A2C9-59981AFDE370}"
EndProject
Global
	GlobalSection(SolutionConfigurationPlatforms) = preSolution
		Debug|Any CPU = Debug|Any CPU
		Release|Any CPU = Release|Any CPU
	EndGlobalSection
	GlobalSection(ProjectConfigurationPlatforms) = postSolution
		{1C5F1377-EC66-4368-A2C9-59981AFDE370}.Debug|Any CPU.ActiveCfg = Debug|Any CPU
		{1C5F1377-EC66-4368-A2C9-59981AFDE370}.Debug|Any CPU.Build.0 = Debug|Any CPU
		{1C5F1377-EC66-4368-A2C9-59981AFDE370}.Release|Any CPU.ActiveCfg = Release|Any CPU
		{1C5F1377-EC66-4368-A2C9-59981AFDE370}.Release|Any CPU.Build.0 = Release|Any CPU
	EndGlobalSection
	GlobalSection(SolutionProperties) = preSolution
		HideSolutionNode = FALSE
	EndGlobalSection
	GlobalSection(ExtensibilityGlobals) = postSolution
		SolutionGuid = {1A87B1A7-887F-4868-8483-7DCCECC5CAE6}
	EndGlobalSection
EndGlobal
